
Microsoft Visual Studio Solution File, Format Version 12.00
# Visual Studio Version 17
VisualStudioVersion = 17.12.35514.174 d17.12
MinimumVisualStudioVersion = 10.0.40219.1
Project("{FAE04EC0-301F-11D3-BF4B-00C04F79EFBC}") = "ReactCoreFinal.Server", "ReactCoreFinal.Server\ReactCoreFinal.Server.csproj", "{FD48F0D2-8BC1-4F56-A0F8-B80B5227E87F}"
EndProject
Project("{54A90642-561A-4BB1-A94E-469ADEE60C69}") = "reactcorefinal.client", "reactcorefinal.client\reactcorefinal.client.esproj", "{B95C1836-A646-4084-9126-2A7DE40F4859}"
EndProject
Global
	GlobalSection(SolutionConfigurationPlatforms) = preSolution
		Debug|Any CPU = Debug|Any CPU
		Release|Any CPU = Release|Any CPU
	EndGlobalSection
	GlobalSection(ProjectConfigurationPlatforms) = postSolution
		{FD48F0D2-8BC1-4F56-A0F8-B80B5227E87F}.Debug|Any CPU.ActiveCfg = Debug|Any CPU
		{FD48F0D2-8BC1-4F56-A0F8-B80B5227E87F}.Debug|Any CPU.Build.0 = Debug|Any CPU
		{FD48F0D2-8BC1-4F56-A0F8-B80B5227E87F}.Release|Any CPU.ActiveCfg = Release|Any CPU
		{FD48F0D2-8BC1-4F56-A0F8-B80B5227E87F}.Release|Any CPU.Build.0 = Release|Any CPU
		{B95C1836-A646-4084-9126-2A7DE40F4859}.Debug|Any CPU.ActiveCfg = Debug|Any CPU
		{B95C1836-A646-4084-9126-2A7DE40F4859}.Debug|Any CPU.Build.0 = Debug|Any CPU
		{B95C1836-A646-4084-9126-2A7DE40F4859}.Debug|Any CPU.Deploy.0 = Debug|Any CPU
		{B95C1836-A646-4084-9126-2A7DE40F4859}.Release|Any CPU.ActiveCfg = Release|Any CPU
		{B95C1836-A646-4084-9126-2A7DE40F4859}.Release|Any CPU.Build.0 = Release|Any CPU
		{B95C1836-A646-4084-9126-2A7DE40F4859}.Release|Any CPU.Deploy.0 = Release|Any CPU
	EndGlobalSection
	GlobalSection(SolutionProperties) = preSolution
		HideSolutionNode = FALSE
	EndGlobalSection
EndGlobal
